
Microsoft Visual Studio Solution File, Format Version 12.00
# Visual Studio Version 17
VisualStudioVersion = 17.10.35027.167
MinimumVisualStudioVersion = 10.0.40219.1
Project("{FAE04EC0-301F-11D3-BF4B-00C04F79EFBC}") = "TiendaGrupo15Progra3", "TiendaGrupo15Progra3\TiendaGrupo15Progra3.csproj", "{C739637F-87B6-4E03-A483-E775AF6B6AEF}"
EndProject
Project("{FAE04EC0-301F-11D3-BF4B-00C04F79EFBC}") = "Dominio", "..\tp-winform-equipo-15A\Dominio\Dominio.csproj", "{BC14F037-0434-4F95-AF3A-B765252A5F25}"
EndProject
Project("{FAE04EC0-301F-11D3-BF4B-00C04F79EFBC}") = "Negocio", "..\tp-winform-equipo-15A\Negocio\Negocio.csproj", "{4D1A659B-A6EC-43BB-90BB-C4D007D71D87}"
EndProject
Global
	GlobalSection(SolutionConfigurationPlatforms) = preSolution
		Debug|Any CPU = Debug|Any CPU
		Release|Any CPU = Release|Any CPU
	EndGlobalSection
	GlobalSection(ProjectConfigurationPlatforms) = postSolution
		{C739637F-87B6-4E03-A483-E775AF6B6AEF}.Debug|Any CPU.ActiveCfg = Debug|Any CPU
		{C739637F-87B6-4E03-A483-E775AF6B6AEF}.Debug|Any CPU.Build.0 = Debug|Any CPU
		{C739637F-87B6-4E03-A483-E775AF6B6AEF}.Release|Any CPU.ActiveCfg = Release|Any CPU
		{C739637F-87B6-4E03-A483-E775AF6B6AEF}.Release|Any CPU.Build.0 = Release|Any CPU
		{BC14F037-0434-4F95-AF3A-B765252A5F25}.Debug|Any CPU.ActiveCfg = Debug|Any CPU
		{BC14F037-0434-4F95-AF3A-B765252A5F25}.Debug|Any CPU.Build.0 = Debug|Any CPU
		{BC14F037-0434-4F95-AF3A-B765252A5F25}.Release|Any CPU.ActiveCfg = Release|Any CPU
		{BC14F037-0434-4F95-AF3A-B765252A5F25}.Release|Any CPU.Build.0 = Release|Any CPU
		{4D1A659B-A6EC-43BB-90BB-C4D007D71D87}.Debug|Any CPU.ActiveCfg = Debug|Any CPU
		{4D1A659B-A6EC-43BB-90BB-C4D007D71D87}.Debug|Any CPU.Build.0 = Debug|Any CPU
		{4D1A659B-A6EC-43BB-90BB-C4D007D71D87}.Release|Any CPU.ActiveCfg = Release|Any CPU
		{4D1A659B-A6EC-43BB-90BB-C4D007D71D87}.Release|Any CPU.Build.0 = Release|Any CPU
	EndGlobalSection
	GlobalSection(SolutionProperties) = preSolution
		HideSolutionNode = FALSE
	EndGlobalSection
	GlobalSection(ExtensibilityGlobals) = postSolution
		SolutionGuid = {A6F3BEE7-885B-4D32-8B19-46640AF89090}
	EndGlobalSection
EndGlobal
